{
  "name": "acrostia",
  "version": "1.0.0",
  "lockfileVersion": 1,
  "requires": true,
  "dependencies": {
    "font-awesome": {
      "version": "4.7.0",
      "resolved": "https://registry.npmjs.org/font-awesome/-/font-awesome-4.7.0.tgz",
      "integrity": "sha1-j6jPBBGhoxr9B7BtKQK7n8gVoTM="
    },
    "jquery": {
      "version": "3.3.1",
      "resolved": "https://registry.npmjs.org/jquery/-/jquery-3.3.1.tgz",
      "integrity": "sha512-Ubldcmxp5np52/ENotGxlLe6aGMvmF4R8S6tZjsP6Knsaxd/xp3Zrh50cG93lR6nPXyUFwzN3ZSOQI0wRJNdGg=="
    },
    "jquery-nav-scroll": {
      "version": "1.4.1",
      "resolved": "https://registry.npmjs.org/jquery-nav-scroll/-/jquery-nav-scroll-1.4.1.tgz",
      "integrity": "sha1-cQciRlAtf6cuA765X5fsDkm3AhA="
    },
    "normalize.css": {
      "version": "8.0.0",
      "resolved": "https://registry.npmjs.org/normalize.css/-/normalize.css-8.0.0.tgz",
      "integrity": "sha512-iXcbM3NWr0XkNyfiSBsoPezi+0V92P9nj84yVV1/UZxRUrGczgX/X91KMAGM0omWLY2+2Q1gKD/XRn4gQRDB2A=="
    }
  }
}
